PODS:
  - Kingfisher (4.9.0)
  - ReachabilitySwift (4.2.1)
  - SnapKit (4.0.1)
  - TSNetworkMonitor (1.0.0):
    - ReachabilitySwift
  - TSUtility (1.0.5)

DEPENDENCIES:
  - Kingfisher (~> 4.9.0)
  - SnapKit (~> 4.0.0)
  - TSNetworkMonitor
  - "TSUtility (from `git@gitlab.caiqr.com:ios_module/TSUtility.git`)"

SPEC REPOS:
  http://gitlab.caiqr.com/zhangjunjie/ExchangePodSpecs.git:
    - TSNetworkMonitor
  https://github.com/cocoapods/specs.git:
    - Kingfisher
    - ReachabilitySwift
    - SnapKit

EXTERNAL SOURCES:
  TSUtility:
    :git: "git@gitlab.caiqr.com:ios_module/TSUtility.git"

CHECKOUT OPTIONS:
  TSUtility:
    :commit: 987a347db6098b4266e67e47342398fd75f47378
    :git: "git@gitlab.caiqr.com:ios_module/TSUtility.git"

SPEC CHECKSUMS:
  Kingfisher: 64539b51826b778206daa6ed815d12653caa69dd
  ReachabilitySwift: 35720ffea59c1c76d15f885be77fd33e33985427
  SnapKit: 0de968a9fec17499afa29683b05d0c775b6d1c29
  TSNetworkMonitor: 35ac42bdf08ca38d1febafcdf89478a382008944
  TSUtility: 644ee9eeb828852c332b9be0b9430de277c4376e

PODFILE CHECKSUM: 64d7575edb5244953c5392f7e951bbd34a980853

COCOAPODS: 1.5.2
