PODS:
  - Kingfisher (4.8.1)
  - SnapKit (4.0.0)
  - TSUtility (1.0.3)

DEPENDENCIES:
  - Kingfisher
  - SnapKit
  - "TSUtility (from `git@gitlab.caiqr.com:ios_module/TSUtility.git`)"

SPEC REPOS:
  https://github.com/cocoapods/specs.git:
    - Kingfisher
    - SnapKit

EXTERNAL SOURCES:
  TSUtility:
    :git: "git@gitlab.caiqr.com:ios_module/TSUtility.git"

CHECKOUT OPTIONS:
  TSUtility:
    :commit: d240fe4b83d239e4d25ea36c202cc41435dfcf7a
    :git: "git@gitlab.caiqr.com:ios_module/TSUtility.git"

SPEC CHECKSUMS:
  Kingfisher: 868c1149679a7ab6869be118faa9b5aed154aaf0
  SnapKit: a42d492c16e80209130a3379f73596c3454b7694
  TSUtility: 95aefc7dc861c315c38266c5fa7f3cc49d2c4498

PODFILE CHECKSUM: cd038722be8e308776eb6ae6bc91244eb8fbb82a

COCOAPODS: 1.5.2
