// !$*UTF8*$!
{
	archiveVersion = 1;
	classes = {
	};
	objectVersion = 50;
	objects = {

/* Begin PBXBuildFile section */
		A85FDA07843F3CD76ACF9188 /* Pods_TSCustomUIKitUITests.framework in Frameworks */ = {isa = PBXBuildFile; fileRef = B71FEB883CCF51F0D9EC3CD1 /* Pods_TSCustomUIKitUITests.framework */; };
		B241CB4821087BFA00AB6F03 /* TSToastDisplayControl.swift in Sources */ = {isa = PBXBuildFile; fileRef = B241CB4721087BF900AB6F03 /* TSToastDisplayControl.swift */; };
		B25E449E21461839002D2F45 /* UIButton+TSUIKit.swift in Sources */ = {isa = PBXBuildFile; fileRef = B25E449D21461839002D2F45 /* UIButton+TSUIKit.swift */; };
		B25E44AE2148E803002D2F45 /* TSRegularExpression.swift in Sources */ = {isa = PBXBuildFile; fileRef = B25E44AD2148E803002D2F45 /* TSRegularExpression.swift */; };
		B25E44B02148EE1B002D2F45 /* TSTextFieldView.swift in Sources */ = {isa = PBXBuildFile; fileRef = B25E44AF2148EE1B002D2F45 /* TSTextFieldView.swift */; };
		B25E44B22148EEEA002D2F45 /* TSBaseTextField.swift in Sources */ = {isa = PBXBuildFile; fileRef = B25E44B12148EEEA002D2F45 /* TSBaseTextField.swift */; };
		B29E8683215DD7AE0099EC4C /* TSCustomRefreshNormalView.swift in Sources */ = {isa = PBXBuildFile; fileRef = B29E8682215DD7AE0099EC4C /* TSCustomRefreshNormalView.swift */; };
		B2F011A7215280BB003BF79C /* UIView+TSEmpty.swift in Sources */ = {isa = PBXBuildFile; fileRef = B2F011A6215280BB003BF79C /* UIView+TSEmpty.swift */; };
		B2F011AB2152961C003BF79C /* TSTestEmptyView.swift in Sources */ = {isa = PBXBuildFile; fileRef = B2F011AA2152961C003BF79C /* TSTestEmptyView.swift */; };
		B2F011B12153775F003BF79C /* TSEmptyNormalView.swift in Sources */ = {isa = PBXBuildFile; fileRef = B2F011B02153775F003BF79C /* TSEmptyNormalView.swift */; };
		B2F011B32153823E003BF79C /* TSNoNetWorkNormalView.swift in Sources */ = {isa = PBXBuildFile; fileRef = B2F011B22153823E003BF79C /* TSNoNetWorkNormalView.swift */; };
		B2F011B921539565003BF79C /* dropdown_anim@2x.png in Resources */ = {isa = PBXBuildFile; fileRef = B2F011B821539565003BF79C /* dropdown_anim@2x.png */; };
		D423478C214E375F00F4AE6D /* UITextView+Extension.swift in Sources */ = {isa = PBXBuildFile; fileRef = D423478B214E375F00F4AE6D /* UITextView+Extension.swift */; };
		D42ABC9820FEF03800EFD97B /* TSUIKit.swift in Sources */ = {isa = PBXBuildFile; fileRef = D42ABC9520FEF03800EFD97B /* TSUIKit.swift */; };
		D42ABC9920FEF03800EFD97B /* UIView+Extension.swift in Sources */ = {isa = PBXBuildFile; fileRef = D42ABC9620FEF03800EFD97B /* UIView+Extension.swift */; };
		D42ABC9A20FEF03800EFD97B /* UILabel+Extension.swift in Sources */ = {isa = PBXBuildFile; fileRef = D42ABC9720FEF03800EFD97B /* UILabel+Extension.swift */; };
		D43A976521257B460066029F /* TSTextField.swift in Sources */ = {isa = PBXBuildFile; fileRef = D43A976421257B460066029F /* TSTextField.swift */; };
		D49432F22111DC410087F0C2 /* UITextField+Extension.swift in Sources */ = {isa = PBXBuildFile; fileRef = D49432F12111DC410087F0C2 /* UITextField+Extension.swift */; };
		DA49DEC69D924067B335A57A /* Pods_TSCustomUIKit.framework in Frameworks */ = {isa = PBXBuildFile; fileRef = 88A2A3926422563394FE49FD /* Pods_TSCustomUIKit.framework */; };
		E573579E5FC0A23A04DE17F8 /* Pods_TSCustomUIKitTests.framework in Frameworks */ = {isa = PBXBuildFile; fileRef = 69AC087D5F175A29E247B987 /* Pods_TSCustomUIKitTests.framework */; };
		F557295B20FE032100C30437 /* TSKeyBoardToolBar.swift in Sources */ = {isa = PBXBuildFile; fileRef = F557295A20FE032100C30437 /* TSKeyBoardToolBar.swift */; };
		F558F3492122B28E0080BCA2 /* UIImageView+TSUIKit.swift in Sources */ = {isa = PBXBuildFile; fileRef = F558F3482122B28E0080BCA2 /* UIImageView+TSUIKit.swift */; };
		F55F110320FB24A40003588E /* AppDelegate.swift in Sources */ = {isa = PBXBuildFile; fileRef = F55F110220FB24A40003588E /* AppDelegate.swift */; };
		F55F110520FB24A40003588E /* ViewController.swift in Sources */ = {isa = PBXBuildFile; fileRef = F55F110420FB24A40003588E /* ViewController.swift */; };
		F55F110820FB24A40003588E /* Main.storyboard in Resources */ = {isa = PBXBuildFile; fileRef = F55F110620FB24A40003588E /* Main.storyboard */; };
		F55F110A20FB24A50003588E /* Assets.xcassets in Resources */ = {isa = PBXBuildFile; fileRef = F55F110920FB24A50003588E /* Assets.xcassets */; };
		F55F110D20FB24A50003588E /* LaunchScreen.storyboard in Resources */ = {isa = PBXBuildFile; fileRef = F55F110B20FB24A50003588E /* LaunchScreen.storyboard */; };
		F55F111820FB24A50003588E /* TSCustomUIKitTests.swift in Sources */ = {isa = PBXBuildFile; fileRef = F55F111720FB24A50003588E /* TSCustomUIKitTests.swift */; };
		F55F112320FB24A50003588E /* TSCustomUIKitUITests.swift in Sources */ = {isa = PBXBuildFile; fileRef = F55F112220FB24A50003588E /* TSCustomUIKitUITests.swift */; };
		F55F114920FB24DB0003588E /* TSRPhotoBrowserCollectionViewCell.swift in Sources */ = {isa = PBXBuildFile; fileRef = F55F113120FB24DA0003588E /* TSRPhotoBrowserCollectionViewCell.swift */; };
		F55F114A20FB24DB0003588E /* TSRPhotoBrowser.md in Resources */ = {isa = PBXBuildFile; fileRef = F55F113220FB24DA0003588E /* TSRPhotoBrowser.md */; };
		F55F114B20FB24DB0003588E /* TSRPhotoBrowserView.swift in Sources */ = {isa = PBXBuildFile; fileRef = F55F113320FB24DA0003588E /* TSRPhotoBrowserView.swift */; };
		F55F114C20FB24DB0003588E /* TSTabBar.swift in Sources */ = {isa = PBXBuildFile; fileRef = F55F113620FB24DA0003588E /* TSTabBar.swift */; };
		F55F114D20FB24DB0003588E /* TSTabbarButton.swift in Sources */ = {isa = PBXBuildFile; fileRef = F55F113720FB24DA0003588E /* TSTabbarButton.swift */; };
		F55F114E20FB24DB0003588E /* TSTabbarViewController.swift in Sources */ = {isa = PBXBuildFile; fileRef = F55F113820FB24DA0003588E /* TSTabbarViewController.swift */; };
		F55F114F20FB24DB0003588E /* TSBadgeValue.swift in Sources */ = {isa = PBXBuildFile; fileRef = F55F113920FB24DA0003588E /* TSBadgeValue.swift */; };
		F55F115020FB24DB0003588E /* TSTabBarConfig.swift in Sources */ = {isa = PBXBuildFile; fileRef = F55F113A20FB24DA0003588E /* TSTabBarConfig.swift */; };
		F55F115120FB24DB0003588E /* TSTUIColorWithHexString.swift in Sources */ = {isa = PBXBuildFile; fileRef = F55F113C20FB24DA0003588E /* TSTUIColorWithHexString.swift */; };
		F55F115220FB24DB0003588E /* TSTabbarViewExtension.swift in Sources */ = {isa = PBXBuildFile; fileRef = F55F113D20FB24DA0003588E /* TSTabbarViewExtension.swift */; };
		F55F115320FB24DB0003588E /* TSTabbarWithCAAnimation.swift in Sources */ = {isa = PBXBuildFile; fileRef = F55F113E20FB24DA0003588E /* TSTabbarWithCAAnimation.swift */; };
		F55F115420FB24DB0003588E /* TSTableViewReadme.md in Resources */ = {isa = PBXBuildFile; fileRef = F55F114020FB24DA0003588E /* TSTableViewReadme.md */; };
		F55F115520FB24DB0003588E /* TSTableView.swift in Sources */ = {isa = PBXBuildFile; fileRef = F55F114120FB24DA0003588E /* TSTableView.swift */; };
		F55F115620FB24DB0003588E /* TSTableViewQuickCreateCellExtension.swift in Sources */ = {isa = PBXBuildFile; fileRef = F55F114220FB24DA0003588E /* TSTableViewQuickCreateCellExtension.swift */; };
		F55F115720FB24DB0003588E /* UIImage+TSUIKit.swift in Sources */ = {isa = PBXBuildFile; fileRef = F55F114420FB24DA0003588E /* UIImage+TSUIKit.swift */; };
		F55F115820FB24DB0003588E /* TSSegmentedControl.swift in Sources */ = {isa = PBXBuildFile; fileRef = F55F114620FB24DA0003588E /* TSSegmentedControl.swift */; };
		F55F115920FB24DB0003588E /* TSPageControllerHelper.swift in Sources */ = {isa = PBXBuildFile; fileRef = F55F114820FB24DB0003588E /* TSPageControllerHelper.swift */; };
		F55F115C20FB252D0003588E /* LICENSE in Resources */ = {isa = PBXBuildFile; fileRef = F55F115A20FB252D0003588E /* LICENSE */; };
		F55F115F20FB261C0003588E /* TSCustomUIKit.podspec in Resources */ = {isa = PBXBuildFile; fileRef = F55F115E20FB261C0003588E /* TSCustomUIKit.podspec */; };
/* End PBXBuildFile section */

/* Begin PBXContainerItemProxy section */
		F55F111420FB24A50003588E /* PBXContainerItemProxy */ = {
			isa = PBXContainerItemProxy;
			containerPortal = F55F10F720FB24A40003588E /* Project object */;
			proxyType = 1;
			remoteGlobalIDString = F55F10FE20FB24A40003588E;
			remoteInfo = TSCustomUIKit;
		};
		F55F111F20FB24A50003588E /* PBXContainerItemProxy */ = {
			isa = PBXContainerItemProxy;
			containerPortal = F55F10F720FB24A40003588E /* Project object */;
			proxyType = 1;
			remoteGlobalIDString = F55F10FE20FB24A40003588E;
			remoteInfo = TSCustomUIKit;
		};
/* End PBXContainerItemProxy section */

/* Begin PBXFileReference section */
		2D980740AB7CF2C62E5922F4 /* Pods-TSCustomUIKitTests.debug.xcconfig */ = {isa = PBXFileReference; includeInIndex = 1; lastKnownFileType = text.xcconfig; name = "Pods-TSCustomUIKitTests.debug.xcconfig"; path = "Pods/Target Support Files/Pods-TSCustomUIKitTests/Pods-TSCustomUIKitTests.debug.xcconfig"; sourceTree = "<group>"; };
		34D2AF2995A1433C4AED941B /* Pods-TSCustomUIKit.release.xcconfig */ = {isa = PBXFileReference; includeInIndex = 1; lastKnownFileType = text.xcconfig; name = "Pods-TSCustomUIKit.release.xcconfig"; path = "Pods/Target Support Files/Pods-TSCustomUIKit/Pods-TSCustomUIKit.release.xcconfig"; sourceTree = "<group>"; };
		69AC087D5F175A29E247B987 /* Pods_TSCustomUIKitTests.framework */ = {isa = PBXFileReference; explicitFileType = wrapper.framework; includeInIndex = 0; path = Pods_TSCustomUIKitTests.framework; sourceTree = BUILT_PRODUCTS_DIR; };
		7288CA528647E9AE7C84AAF9 /* Pods-TSCustomUIKit.debug.xcconfig */ = {isa = PBXFileReference; includeInIndex = 1; lastKnownFileType = text.xcconfig; name = "Pods-TSCustomUIKit.debug.xcconfig"; path = "Pods/Target Support Files/Pods-TSCustomUIKit/Pods-TSCustomUIKit.debug.xcconfig"; sourceTree = "<group>"; };
		828BC8CBD92F4E231523BC17 /* Pods-TSCustomUIKitUITests.debug.xcconfig */ = {isa = PBXFileReference; includeInIndex = 1; lastKnownFileType = text.xcconfig; name = "Pods-TSCustomUIKitUITests.debug.xcconfig"; path = "Pods/Target Support Files/Pods-TSCustomUIKitUITests/Pods-TSCustomUIKitUITests.debug.xcconfig"; sourceTree = "<group>"; };
		88A2A3926422563394FE49FD /* Pods_TSCustomUIKit.framework */ = {isa = PBXFileReference; explicitFileType = wrapper.framework; includeInIndex = 0; path = Pods_TSCustomUIKit.framework; sourceTree = BUILT_PRODUCTS_DIR; };
		90B3F4B6BE2F4EAD3A126299 /* Pods-TSCustomUIKitTests.release.xcconfig */ = {isa = PBXFileReference; includeInIndex = 1; lastKnownFileType = text.xcconfig; name = "Pods-TSCustomUIKitTests.release.xcconfig"; path = "Pods/Target Support Files/Pods-TSCustomUIKitTests/Pods-TSCustomUIKitTests.release.xcconfig"; sourceTree = "<group>"; };
		965204FE4AB42959D7495E23 /* Pods-TSCustomUIKitUITests.release.xcconfig */ = {isa = PBXFileReference; includeInIndex = 1; lastKnownFileType = text.xcconfig; name = "Pods-TSCustomUIKitUITests.release.xcconfig"; path = "Pods/Target Support Files/Pods-TSCustomUIKitUITests/Pods-TSCustomUIKitUITests.release.xcconfig"; sourceTree = "<group>"; };
		B241CB4721087BF900AB6F03 /* TSToastDisplayControl.swift */ = {isa = PBXFileReference; fileEncoding = 4; lastKnownFileType = sourcecode.swift; path = TSToastDisplayControl.swift; sourceTree = "<group>"; };
		B25E449D21461839002D2F45 /* UIButton+TSUIKit.swift */ = {isa = PBXFileReference; lastKnownFileType = sourcecode.swift; path = "UIButton+TSUIKit.swift"; sourceTree = "<group>"; };
		B25E44AD2148E803002D2F45 /* TSRegularExpression.swift */ = {isa = PBXFileReference; lastKnownFileType = sourcecode.swift; path = TSRegularExpression.swift; sourceTree = "<group>"; };
		B25E44AF2148EE1B002D2F45 /* TSTextFieldView.swift */ = {isa = PBXFileReference; lastKnownFileType = sourcecode.swift; path = TSTextFieldView.swift; sourceTree = "<group>"; };
		B25E44B12148EEEA002D2F45 /* TSBaseTextField.swift */ = {isa = PBXFileReference; lastKnownFileType = sourcecode.swift; path = TSBaseTextField.swift; sourceTree = "<group>"; };
		B29E867E215D0E8C0099EC4C /* TSCustomUIKit-Bridging-Header.h */ = {isa = PBXFileReference; lastKnownFileType = sourcecode.c.h; path = "TSCustomUIKit-Bridging-Header.h"; sourceTree = "<group>"; };
		B29E8682215DD7AE0099EC4C /* TSCustomRefreshNormalView.swift */ = {isa = PBXFileReference; lastKnownFileType = sourcecode.swift; path = TSCustomRefreshNormalView.swift; sourceTree = "<group>"; };
		B2F011A6215280BB003BF79C /* UIView+TSEmpty.swift */ = {isa = PBXFileReference; lastKnownFileType = sourcecode.swift; path = "UIView+TSEmpty.swift"; sourceTree = "<group>"; };
		B2F011AA2152961C003BF79C /* TSTestEmptyView.swift */ = {isa = PBXFileReference; lastKnownFileType = sourcecode.swift; path = TSTestEmptyView.swift; sourceTree = "<group>"; };
		B2F011B02153775F003BF79C /* TSEmptyNormalView.swift */ = {isa = PBXFileReference; lastKnownFileType = sourcecode.swift; path = TSEmptyNormalView.swift; sourceTree = "<group>"; };
		B2F011B22153823E003BF79C /* TSNoNetWorkNormalView.swift */ = {isa = PBXFileReference; lastKnownFileType = sourcecode.swift; path = TSNoNetWorkNormalView.swift; sourceTree = "<group>"; };
		B2F011B821539565003BF79C /* dropdown_anim@2x.png */ = {isa = PBXFileReference; lastKnownFileType = image.png; path = "dropdown_anim@2x.png"; sourceTree = "<group>"; };
		B71FEB883CCF51F0D9EC3CD1 /* Pods_TSCustomUIKitUITests.framework */ = {isa = PBXFileReference; explicitFileType = wrapper.framework; includeInIndex = 0; path = Pods_TSCustomUIKitUITests.framework; sourceTree = BUILT_PRODUCTS_DIR; };
		D423478B214E375F00F4AE6D /* UITextView+Extension.swift */ = {isa = PBXFileReference; lastKnownFileType = sourcecode.swift; path = "UITextView+Extension.swift"; sourceTree = "<group>"; };
		D42ABC9520FEF03800EFD97B /* TSUIKit.swift */ = {isa = PBXFileReference; fileEncoding = 4; lastKnownFileType = sourcecode.swift; path = TSUIKit.swift; sourceTree = "<group>"; };
		D42ABC9620FEF03800EFD97B /* UIView+Extension.swift */ = {isa = PBXFileReference; fileEncoding = 4; lastKnownFileType = sourcecode.swift; path = "UIView+Extension.swift"; sourceTree = "<group>"; };
		D42ABC9720FEF03800EFD97B /* UILabel+Extension.swift */ = {isa = PBXFileReference; fileEncoding = 4; lastKnownFileType = sourcecode.swift; path = "UILabel+Extension.swift"; sourceTree = "<group>"; };
		D43A976421257B460066029F /* TSTextField.swift */ = {isa = PBXFileReference; fileEncoding = 4; lastKnownFileType = sourcecode.swift; path = TSTextField.swift; sourceTree = "<group>"; };
		D49432F12111DC410087F0C2 /* UITextField+Extension.swift */ = {isa = PBXFileReference; fileEncoding = 4; lastKnownFileType = sourcecode.swift; path = "UITextField+Extension.swift"; sourceTree = "<group>"; };
		F557295A20FE032100C30437 /* TSKeyBoardToolBar.swift */ = {isa = PBXFileReference; lastKnownFileType = sourcecode.swift; path = TSKeyBoardToolBar.swift; sourceTree = "<group>"; };
		F558F3482122B28E0080BCA2 /* UIImageView+TSUIKit.swift */ = {isa = PBXFileReference; fileEncoding = 4; lastKnownFileType = sourcecode.swift; path = "UIImageView+TSUIKit.swift"; sourceTree = "<group>"; };
		F55F10FF20FB24A40003588E /* TSCustomUIKit.app */ = {isa = PBXFileReference; explicitFileType = wrapper.application; includeInIndex = 0; path = TSCustomUIKit.app; sourceTree = BUILT_PRODUCTS_DIR; };
		F55F110220FB24A40003588E /* AppDelegate.swift */ = {isa = PBXFileReference; lastKnownFileType = sourcecode.swift; path = AppDelegate.swift; sourceTree = "<group>"; };
		F55F110420FB24A40003588E /* ViewController.swift */ = {isa = PBXFileReference; lastKnownFileType = sourcecode.swift; path = ViewController.swift; sourceTree = "<group>"; };
		F55F110720FB24A40003588E /* Base */ = {isa = PBXFileReference; lastKnownFileType = file.storyboard; name = Base; path = Base.lproj/Main.storyboard; sourceTree = "<group>"; };
		F55F110920FB24A50003588E /* Assets.xcassets */ = {isa = PBXFileReference; lastKnownFileType = folder.assetcatalog; path = Assets.xcassets; sourceTree = "<group>"; };
		F55F110C20FB24A50003588E /* Base */ = {isa = PBXFileReference; lastKnownFileType = file.storyboard; name = Base; path = Base.lproj/LaunchScreen.storyboard; sourceTree = "<group>"; };
		F55F110E20FB24A50003588E /* Info.plist */ = {isa = PBXFileReference; lastKnownFileType = text.plist.xml; path = Info.plist; sourceTree = "<group>"; };
		F55F111320FB24A50003588E /* TSCustomUIKitTests.xctest */ = {isa = PBXFileReference; explicitFileType = wrapper.cfbundle; includeInIndex = 0; path = TSCustomUIKitTests.xctest; sourceTree = BUILT_PRODUCTS_DIR; };
		F55F111720FB24A50003588E /* TSCustomUIKitTests.swift */ = {isa = PBXFileReference; lastKnownFileType = sourcecode.swift; path = TSCustomUIKitTests.swift; sourceTree = "<group>"; };
		F55F111920FB24A50003588E /* Info.plist */ = {isa = PBXFileReference; lastKnownFileType = text.plist.xml; path = Info.plist; sourceTree = "<group>"; };
		F55F111E20FB24A50003588E /* TSCustomUIKitUITests.xctest */ = {isa = PBXFileReference; explicitFileType = wrapper.cfbundle; includeInIndex = 0; path = TSCustomUIKitUITests.xctest; sourceTree = BUILT_PRODUCTS_DIR; };
		F55F112220FB24A50003588E /* TSCustomUIKitUITests.swift */ = {isa = PBXFileReference; lastKnownFileType = sourcecode.swift; path = TSCustomUIKitUITests.swift; sourceTree = "<group>"; };
		F55F112420FB24A50003588E /* Info.plist */ = {isa = PBXFileReference; lastKnownFileType = text.plist.xml; path = Info.plist; sourceTree = "<group>"; };
		F55F113120FB24DA0003588E /* TSRPhotoBrowserCollectionViewCell.swift */ = {isa = PBXFileReference; fileEncoding = 4; lastKnownFileType = sourcecode.swift; path = TSRPhotoBrowserCollectionViewCell.swift; sourceTree = "<group>"; };
		F55F113220FB24DA0003588E /* TSRPhotoBrowser.md */ = {isa = PBXFileReference; fileEncoding = 4; lastKnownFileType = net.daringfireball.markdown; path = TSRPhotoBrowser.md; sourceTree = "<group>"; };
		F55F113320FB24DA0003588E /* TSRPhotoBrowserView.swift */ = {isa = PBXFileReference; fileEncoding = 4; lastKnownFileType = sourcecode.swift; path = TSRPhotoBrowserView.swift; sourceTree = "<group>"; };
		F55F113620FB24DA0003588E /* TSTabBar.swift */ = {isa = PBXFileReference; fileEncoding = 4; lastKnownFileType = sourcecode.swift; path = TSTabBar.swift; sourceTree = "<group>"; };
		F55F113720FB24DA0003588E /* TSTabbarButton.swift */ = {isa = PBXFileReference; fileEncoding = 4; lastKnownFileType = sourcecode.swift; path = TSTabbarButton.swift; sourceTree = "<group>"; };
		F55F113820FB24DA0003588E /* TSTabbarViewController.swift */ = {isa = PBXFileReference; fileEncoding = 4; lastKnownFileType = sourcecode.swift; path = TSTabbarViewController.swift; sourceTree = "<group>"; };
		F55F113920FB24DA0003588E /* TSBadgeValue.swift */ = {isa = PBXFileReference; fileEncoding = 4; lastKnownFileType = sourcecode.swift; path = TSBadgeValue.swift; sourceTree = "<group>"; };
		F55F113A20FB24DA0003588E /* TSTabBarConfig.swift */ = {isa = PBXFileReference; fileEncoding = 4; lastKnownFileType = sourcecode.swift; path = TSTabBarConfig.swift; sourceTree = "<group>"; };
		F55F113C20FB24DA0003588E /* TSTUIColorWithHexString.swift */ = {isa = PBXFileReference; fileEncoding = 4; lastKnownFileType = sourcecode.swift; path = TSTUIColorWithHexString.swift; sourceTree = "<group>"; };
		F55F113D20FB24DA0003588E /* TSTabbarViewExtension.swift */ = {isa = PBXFileReference; fileEncoding = 4; lastKnownFileType = sourcecode.swift; path = TSTabbarViewExtension.swift; sourceTree = "<group>"; };
		F55F113E20FB24DA0003588E /* TSTabbarWithCAAnimation.swift */ = {isa = PBXFileReference; fileEncoding = 4; lastKnownFileType = sourcecode.swift; path = TSTabbarWithCAAnimation.swift; sourceTree = "<group>"; };
		F55F114020FB24DA0003588E /* TSTableViewReadme.md */ = {isa = PBXFileReference; fileEncoding = 4; lastKnownFileType = net.daringfireball.markdown; path = TSTableViewReadme.md; sourceTree = "<group>"; };
		F55F114120FB24DA0003588E /* TSTableView.swift */ = {isa = PBXFileReference; fileEncoding = 4; lastKnownFileType = sourcecode.swift; path = TSTableView.swift; sourceTree = "<group>"; };
		F55F114220FB24DA0003588E /* TSTableViewQuickCreateCellExtension.swift */ = {isa = PBXFileReference; fileEncoding = 4; lastKnownFileType = sourcecode.swift; path = TSTableViewQuickCreateCellExtension.swift; sourceTree = "<group>"; };
		F55F114420FB24DA0003588E /* UIImage+TSUIKit.swift */ = {isa = PBXFileReference; fileEncoding = 4; lastKnownFileType = sourcecode.swift; path = "UIImage+TSUIKit.swift"; sourceTree = "<group>"; };
		F55F114620FB24DA0003588E /* TSSegmentedControl.swift */ = {isa = PBXFileReference; fileEncoding = 4; lastKnownFileType = sourcecode.swift; path = TSSegmentedControl.swift; sourceTree = "<group>"; };
		F55F114820FB24DB0003588E /* TSPageControllerHelper.swift */ = {isa = PBXFileReference; fileEncoding = 4; lastKnownFileType = sourcecode.swift; path = TSPageControllerHelper.swift; sourceTree = "<group>"; };
		F55F115A20FB252D0003588E /* LICENSE */ = {isa = PBXFileReference; fileEncoding = 4; lastKnownFileType = text; path = LICENSE; sourceTree = SOURCE_ROOT; };
		F55F115E20FB261C0003588E /* TSCustomUIKit.podspec */ = {isa = PBXFileReference; fileEncoding = 4; lastKnownFileType = text; path = TSCustomUIKit.podspec; sourceTree = SOURCE_ROOT; };
/* End PBXFileReference section */

/* Begin PBXFrameworksBuildPhase section */
		F55F10FC20FB24A40003588E /* Frameworks */ = {
			isa = PBXFrameworksBuildPhase;
			buildActionMask = 2147483647;
			files = (
				DA49DEC69D924067B335A57A /* Pods_TSCustomUIKit.framework in Frameworks */,
			);
			runOnlyForDeploymentPostprocessing = 0;
		};
		F55F111020FB24A50003588E /* Frameworks */ = {
			isa = PBXFrameworksBuildPhase;
			buildActionMask = 2147483647;
			files = (
				E573579E5FC0A23A04DE17F8 /* Pods_TSCustomUIKitTests.framework in Frameworks */,
			);
			runOnlyForDeploymentPostprocessing = 0;
		};
		F55F111B20FB24A50003588E /* Frameworks */ = {
			isa = PBXFrameworksBuildPhase;
			buildActionMask = 2147483647;
			files = (
				A85FDA07843F3CD76ACF9188 /* Pods_TSCustomUIKitUITests.framework in Frameworks */,
			);
			runOnlyForDeploymentPostprocessing = 0;
		};
/* End PBXFrameworksBuildPhase section */

/* Begin PBXGroup section */
		2D8060DBAE242FB649BEC515 /* Pods */ = {
			isa = PBXGroup;
			children = (
				7288CA528647E9AE7C84AAF9 /* Pods-TSCustomUIKit.debug.xcconfig */,
				34D2AF2995A1433C4AED941B /* Pods-TSCustomUIKit.release.xcconfig */,
				2D980740AB7CF2C62E5922F4 /* Pods-TSCustomUIKitTests.debug.xcconfig */,
				90B3F4B6BE2F4EAD3A126299 /* Pods-TSCustomUIKitTests.release.xcconfig */,
				828BC8CBD92F4E231523BC17 /* Pods-TSCustomUIKitUITests.debug.xcconfig */,
				965204FE4AB42959D7495E23 /* Pods-TSCustomUIKitUITests.release.xcconfig */,
			);
			name = Pods;
			sourceTree = "<group>";
		};
		A10DE9CD32EB1D3DEB99D2DC /* Frameworks */ = {
			isa = PBXGroup;
			children = (
				88A2A3926422563394FE49FD /* Pods_TSCustomUIKit.framework */,
				69AC087D5F175A29E247B987 /* Pods_TSCustomUIKitTests.framework */,
				B71FEB883CCF51F0D9EC3CD1 /* Pods_TSCustomUIKitUITests.framework */,
			);
			name = Frameworks;
			sourceTree = "<group>";
		};
		B241CB4621087BF900AB6F03 /* TSToast */ = {
			isa = PBXGroup;
			children = (
				B241CB4721087BF900AB6F03 /* TSToastDisplayControl.swift */,
			);
			path = TSToast;
			sourceTree = "<group>";
		};
		B24D3CC52152565A00CEF82F /* TSEmptyView */ = {
			isa = PBXGroup;
			children = (
				B2F011A6215280BB003BF79C /* UIView+TSEmpty.swift */,
				B2F011B02153775F003BF79C /* TSEmptyNormalView.swift */,
				B2F011B22153823E003BF79C /* TSNoNetWorkNormalView.swift */,
			);
			path = TSEmptyView;
			sourceTree = "<group>";
		};
		D43A976321257B460066029F /* TSTextfield */ = {
			isa = PBXGroup;
			children = (
				D43A976421257B460066029F /* TSTextField.swift */,
				B25E44AF2148EE1B002D2F45 /* TSTextFieldView.swift */,
				B25E44AD2148E803002D2F45 /* TSRegularExpression.swift */,
				B25E44B12148EEEA002D2F45 /* TSBaseTextField.swift */,
			);
			path = TSTextfield;
			sourceTree = "<group>";
		};
		F557295720FE02E500C30437 /* KeyBoardBar */ = {
			isa = PBXGroup;
			children = (
				F557295A20FE032100C30437 /* TSKeyBoardToolBar.swift */,
			);
			path = KeyBoardBar;
			sourceTree = "<group>";
		};
		F55F10F620FB24A40003588E = {
			isa = PBXGroup;
			children = (
				F55F110120FB24A40003588E /* TSCustomUIKit */,
				F55F111620FB24A50003588E /* TSCustomUIKitTests */,
				F55F112120FB24A50003588E /* TSCustomUIKitUITests */,
				F55F110020FB24A40003588E /* Products */,
				2D8060DBAE242FB649BEC515 /* Pods */,
				A10DE9CD32EB1D3DEB99D2DC /* Frameworks */,
			);
			sourceTree = "<group>";
		};
		F55F110020FB24A40003588E /* Products */ = {
			isa = PBXGroup;
			children = (
				F55F10FF20FB24A40003588E /* TSCustomUIKit.app */,
				F55F111320FB24A50003588E /* TSCustomUIKitTests.xctest */,
				F55F111E20FB24A50003588E /* TSCustomUIKitUITests.xctest */,
			);
			name = Products;
			sourceTree = "<group>";
		};
		F55F110120FB24A40003588E /* TSCustomUIKit */ = {
			isa = PBXGroup;
			children = (
				F55F115E20FB261C0003588E /* TSCustomUIKit.podspec */,
				F55F115A20FB252D0003588E /* LICENSE */,
				F55F114720FB24DB0003588E /* PageController */,
				F55F114520FB24DA0003588E /* Segmented */,
				F55F113F20FB24DA0003588E /* TableView */,
				F55F113020FB24DA0003588E /* TSRPhotoBrowser */,
				F55F113420FB24DA0003588E /* TSTabbarController */,
				F55F114320FB24DA0003588E /* UIExtension */,
				F557295720FE02E500C30437 /* KeyBoardBar */,
				D43A976321257B460066029F /* TSTextfield */,
				B241CB4621087BF900AB6F03 /* TSToast */,
				F55F110220FB24A40003588E /* AppDelegate.swift */,
				F55F110420FB24A40003588E /* ViewController.swift */,
				B29E8682215DD7AE0099EC4C /* TSCustomRefreshNormalView.swift */,
				B2F011B821539565003BF79C /* dropdown_anim@2x.png */,
				B2F011AA2152961C003BF79C /* TSTestEmptyView.swift */,
				F55F110620FB24A40003588E /* Main.storyboard */,
				F55F110920FB24A50003588E /* Assets.xcassets */,
				F55F110B20FB24A50003588E /* LaunchScreen.storyboard */,
				F55F110E20FB24A50003588E /* Info.plist */,
				B29E867E215D0E8C0099EC4C /* TSCustomUIKit-Bridging-Header.h */,
			);
			path = TSCustomUIKit;
			sourceTree = "<group>";
		};
		F55F111620FB24A50003588E /* TSCustomUIKitTests */ = {
			isa = PBXGroup;
			children = (
				F55F111720FB24A50003588E /* TSCustomUIKitTests.swift */,
				F55F111920FB24A50003588E /* Info.plist */,
			);
			path = TSCustomUIKitTests;
			sourceTree = "<group>";
		};
		F55F112120FB24A50003588E /* TSCustomUIKitUITests */ = {
			isa = PBXGroup;
			children = (
				F55F112220FB24A50003588E /* TSCustomUIKitUITests.swift */,
				F55F112420FB24A50003588E /* Info.plist */,
			);
			path = TSCustomUIKitUITests;
			sourceTree = "<group>";
		};
		F55F113020FB24DA0003588E /* TSRPhotoBrowser */ = {
			isa = PBXGroup;
			children = (
				F55F113120FB24DA0003588E /* TSRPhotoBrowserCollectionViewCell.swift */,
				F55F113220FB24DA0003588E /* TSRPhotoBrowser.md */,
				F55F113320FB24DA0003588E /* TSRPhotoBrowserView.swift */,
			);
			path = TSRPhotoBrowser;
			sourceTree = "<group>";
		};
		F55F113420FB24DA0003588E /* TSTabbarController */ = {
			isa = PBXGroup;
			children = (
				F55F113520FB24DA0003588E /* TSTabbarControl */,
				F55F113B20FB24DA0003588E /* TSTabbarUtility */,
			);
			path = TSTabbarController;
			sourceTree = "<group>";
		};
		F55F113520FB24DA0003588E /* TSTabbarControl */ = {
			isa = PBXGroup;
			children = (
				F55F113620FB24DA0003588E /* TSTabBar.swift */,
				F55F113720FB24DA0003588E /* TSTabbarButton.swift */,
				F55F113820FB24DA0003588E /* TSTabbarViewController.swift */,
				F55F113920FB24DA0003588E /* TSBadgeValue.swift */,
				F55F113A20FB24DA0003588E /* TSTabBarConfig.swift */,
			);
			path = TSTabbarControl;
			sourceTree = "<group>";
		};
		F55F113B20FB24DA0003588E /* TSTabbarUtility */ = {
			isa = PBXGroup;
			children = (
				F55F113C20FB24DA0003588E /* TSTUIColorWithHexString.swift */,
				F55F113D20FB24DA0003588E /* TSTabbarViewExtension.swift */,
				F55F113E20FB24DA0003588E /* TSTabbarWithCAAnimation.swift */,
			);
			path = TSTabbarUtility;
			sourceTree = "<group>";
		};
		F55F113F20FB24DA0003588E /* TableView */ = {
			isa = PBXGroup;
			children = (
				F55F114020FB24DA0003588E /* TSTableViewReadme.md */,
				F55F114120FB24DA0003588E /* TSTableView.swift */,
				F55F114220FB24DA0003588E /* TSTableViewQuickCreateCellExtension.swift */,
			);
			path = TableView;
			sourceTree = "<group>";
		};
		F55F114320FB24DA0003588E /* UIExtension */ = {
			isa = PBXGroup;
			children = (
				B24D3CC52152565A00CEF82F /* TSEmptyView */,
				D42ABC9520FEF03800EFD97B /* TSUIKit.swift */,
				D42ABC9720FEF03800EFD97B /* UILabel+Extension.swift */,
				D42ABC9620FEF03800EFD97B /* UIView+Extension.swift */,
				D423478B214E375F00F4AE6D /* UITextView+Extension.swift */,
				F55F114420FB24DA0003588E /* UIImage+TSUIKit.swift */,
				F558F3482122B28E0080BCA2 /* UIImageView+TSUIKit.swift */,
				B25E449D21461839002D2F45 /* UIButton+TSUIKit.swift */,
				D49432F12111DC410087F0C2 /* UITextField+Extension.swift */,
			);
			path = UIExtension;
			sourceTree = "<group>";
		};
		F55F114520FB24DA0003588E /* Segmented */ = {
			isa = PBXGroup;
			children = (
				F55F114620FB24DA0003588E /* TSSegmentedControl.swift */,
			);
			path = Segmented;
			sourceTree = "<group>";
		};
		F55F114720FB24DB0003588E /* PageController */ = {
			isa = PBXGroup;
			children = (
				F55F114820FB24DB0003588E /* TSPageControllerHelper.swift */,
			);
			path = PageController;
			sourceTree = "<group>";
		};
/* End PBXGroup section */

/* Begin PBXNativeTarget section */
		F55F10FE20FB24A40003588E /* TSCustomUIKit */ = {
			isa = PBXNativeTarget;
			buildConfigurationList = F55F112720FB24A50003588E /* Build configuration list for PBXNativeTarget "TSCustomUIKit" */;
			buildPhases = (
				8783DA45279EE66E80B30DB3 /* [CP] Check Pods Manifest.lock */,
				F55F10FB20FB24A40003588E /* Sources */,
				F55F10FC20FB24A40003588E /* Frameworks */,
				F55F10FD20FB24A40003588E /* Resources */,
				5B08D5C8847E7D4B02E1BC2C /* [CP] Embed Pods Frameworks */,
			);
			buildRules = (
			);
			dependencies = (
			);
			name = TSCustomUIKit;
			productName = TSCustomUIKit;
			productReference = F55F10FF20FB24A40003588E /* TSCustomUIKit.app */;
			productType = "com.apple.product-type.application";
		};
		F55F111220FB24A50003588E /* TSCustomUIKitTests */ = {
			isa = PBXNativeTarget;
			buildConfigurationList = F55F112A20FB24A50003588E /* Build configuration list for PBXNativeTarget "TSCustomUIKitTests" */;
			buildPhases = (
				16CE8CDEB8E12D95BD3F2EC2 /* [CP] Check Pods Manifest.lock */,
				F55F110F20FB24A50003588E /* Sources */,
				F55F111020FB24A50003588E /* Frameworks */,
				F55F111120FB24A50003588E /* Resources */,
			);
			buildRules = (
			);
			dependencies = (
				F55F111520FB24A50003588E /* PBXTargetDependency */,
			);
			name = TSCustomUIKitTests;
			productName = TSCustomUIKitTests;
			productReference = F55F111320FB24A50003588E /* TSCustomUIKitTests.xctest */;
			productType = "com.apple.product-type.bundle.unit-test";
		};
		F55F111D20FB24A50003588E /* TSCustomUIKitUITests */ = {
			isa = PBXNativeTarget;
			buildConfigurationList = F55F112D20FB24A50003588E /* Build configuration list for PBXNativeTarget "TSCustomUIKitUITests" */;
			buildPhases = (
				B97C55512E090A813AD18575 /* [CP] Check Pods Manifest.lock */,
				F55F111A20FB24A50003588E /* Sources */,
				F55F111B20FB24A50003588E /* Frameworks */,
				F55F111C20FB24A50003588E /* Resources */,
			);
			buildRules = (
			);
			dependencies = (
				F55F112020FB24A50003588E /* PBXTargetDependency */,
			);
			name = TSCustomUIKitUITests;
			productName = TSCustomUIKitUITests;
			productReference = F55F111E20FB24A50003588E /* TSCustomUIKitUITests.xctest */;
			productType = "com.apple.product-type.bundle.ui-testing";
		};
/* End PBXNativeTarget section */

/* Begin PBXProject section */
		F55F10F720FB24A40003588E /* Project object */ = {
			isa = PBXProject;
			attributes = {
				LastSwiftUpdateCheck = 0930;
				LastUpgradeCheck = 0930;
				ORGANIZATIONNAME = caiqr;
				TargetAttributes = {
					F55F10FE20FB24A40003588E = {
						CreatedOnToolsVersion = 9.3.1;
						LastSwiftMigration = 0930;
					};
					F55F111220FB24A50003588E = {
						CreatedOnToolsVersion = 9.3.1;
						TestTargetID = F55F10FE20FB24A40003588E;
					};
					F55F111D20FB24A50003588E = {
						CreatedOnToolsVersion = 9.3.1;
						TestTargetID = F55F10FE20FB24A40003588E;
					};
				};
			};
			buildConfigurationList = F55F10FA20FB24A40003588E /* Build configuration list for PBXProject "TSCustomUIKit" */;
			compatibilityVersion = "Xcode 9.3";
			developmentRegion = en;
			hasScannedForEncodings = 0;
			knownRegions = (
				en,
				Base,
			);
			mainGroup = F55F10F620FB24A40003588E;
			productRefGroup = F55F110020FB24A40003588E /* Products */;
			projectDirPath = "";
			projectRoot = "";
			targets = (
				F55F10FE20FB24A40003588E /* TSCustomUIKit */,
				F55F111220FB24A50003588E /* TSCustomUIKitTests */,
				F55F111D20FB24A50003588E /* TSCustomUIKitUITests */,
			);
		};
/* End PBXProject section */

/* Begin PBXResourcesBuildPhase section */
		F55F10FD20FB24A40003588E /* Resources */ = {
			isa = PBXResourcesBuildPhase;
			buildActionMask = 2147483647;
			files = (
				F55F115C20FB252D0003588E /* LICENSE in Resources */,
				F55F114A20FB24DB0003588E /* TSRPhotoBrowser.md in Resources */,
				F55F115F20FB261C0003588E /* TSCustomUIKit.podspec in Resources */,
				F55F115420FB24DB0003588E /* TSTableViewReadme.md in Resources */,
				F55F110D20FB24A50003588E /* LaunchScreen.storyboard in Resources */,
				F55F110A20FB24A50003588E /* Assets.xcassets in Resources */,
				B2F011B921539565003BF79C /* dropdown_anim@2x.png in Resources */,
				F55F110820FB24A40003588E /* Main.storyboard in Resources */,
			);
			runOnlyForDeploymentPostprocessing = 0;
		};
		F55F111120FB24A50003588E /* Resources */ = {
			isa = PBXResourcesBuildPhase;
			buildActionMask = 2147483647;
			files = (
			);
			runOnlyForDeploymentPostprocessing = 0;
		};
		F55F111C20FB24A50003588E /* Resources */ = {
			isa = PBXResourcesBuildPhase;
			buildActionMask = 2147483647;
			files = (
			);
			runOnlyForDeploymentPostprocessing = 0;
		};
/* End PBXResourcesBuildPhase section */

/* Begin PBXShellScriptBuildPhase section */
		16CE8CDEB8E12D95BD3F2EC2 /* [CP] Check Pods Manifest.lock */ = {
			isa = PBXShellScriptBuildPhase;
			buildActionMask = 2147483647;
			files = (
			);
			inputPaths = (
				"${PODS_PODFILE_DIR_PATH}/Podfile.lock",
				"${PODS_ROOT}/Manifest.lock",
			);
			name = "[CP] Check Pods Manifest.lock";
			outputPaths = (
				"$(DERIVED_FILE_DIR)/Pods-TSCustomUIKitTests-checkManifestLockResult.txt",
			);
			runOnlyForDeploymentPostprocessing = 0;
			shellPath = /bin/sh;
			shellScript = "diff \"${PODS_PODFILE_DIR_PATH}/Podfile.lock\" \"${PODS_ROOT}/Manifest.lock\" > /dev/null\nif [ $? != 0 ] ; then\n    # print error to STDERR\n    echo \"error: The sandbox is not in sync with the Podfile.lock. Run 'pod install' or update your CocoaPods installation.\" >&2\n    exit 1\nfi\n# This output is used by Xcode 'outputs' to avoid re-running this script phase.\necho \"SUCCESS\" > \"${SCRIPT_OUTPUT_FILE_0}\"\n";
			showEnvVarsInLog = 0;
		};
		5B08D5C8847E7D4B02E1BC2C /* [CP] Embed Pods Frameworks */ = {
			isa = PBXShellScriptBuildPhase;
			buildActionMask = 2147483647;
			files = (
			);
			inputPaths = (
				"${SRCROOT}/Pods/Target Support Files/Pods-TSCustomUIKit/Pods-TSCustomUIKit-frameworks.sh",
				"${BUILT_PRODUCTS_DIR}/Kingfisher/Kingfisher.framework",
				"${BUILT_PRODUCTS_DIR}/MJRefresh/MJRefresh.framework",
				"${BUILT_PRODUCTS_DIR}/ReachabilitySwift/Reachability.framework",
				"${BUILT_PRODUCTS_DIR}/SnapKit/SnapKit.framework",
				"${BUILT_PRODUCTS_DIR}/TSNetworkMonitor/TSNetworkMonitor.framework",
				"${BUILT_PRODUCTS_DIR}/TSRefresh/TSRefresh.framework",
				"${BUILT_PRODUCTS_DIR}/TSUtility/TSUtility.framework",
			);
			name = "[CP] Embed Pods Frameworks";
			outputPaths = (
				"${TARGET_BUILD_DIR}/${FRAMEWORKS_FOLDER_PATH}/Kingfisher.framework",
				"${TARGET_BUILD_DIR}/${FRAMEWORKS_FOLDER_PATH}/MJRefresh.framework",
				"${TARGET_BUILD_DIR}/${FRAMEWORKS_FOLDER_PATH}/Reachability.framework",
				"${TARGET_BUILD_DIR}/${FRAMEWORKS_FOLDER_PATH}/SnapKit.framework",
				"${TARGET_BUILD_DIR}/${FRAMEWORKS_FOLDER_PATH}/TSNetworkMonitor.framework",
				"${TARGET_BUILD_DIR}/${FRAMEWORKS_FOLDER_PATH}/TSRefresh.framework",
				"${TARGET_BUILD_DIR}/${FRAMEWORKS_FOLDER_PATH}/TSUtility.framework",
			);
			runOnlyForDeploymentPostprocessing = 0;
			shellPath = /bin/sh;
			shellScript = "\"${SRCROOT}/Pods/Target Support Files/Pods-TSCustomUIKit/Pods-TSCustomUIKit-frameworks.sh\"\n";
			showEnvVarsInLog = 0;
		};
		8783DA45279EE66E80B30DB3 /* [CP] Check Pods Manifest.lock */ = {
			isa = PBXShellScriptBuildPhase;
			buildActionMask = 2147483647;
			files = (
			);
			inputPaths = (
				"${PODS_PODFILE_DIR_PATH}/Podfile.lock",
				"${PODS_ROOT}/Manifest.lock",
			);
			name = "[CP] Check Pods Manifest.lock";
			outputPaths = (
				"$(DERIVED_FILE_DIR)/Pods-TSCustomUIKit-checkManifestLockResult.txt",
			);
			runOnlyForDeploymentPostprocessing = 0;
			shellPath = /bin/sh;
			shellScript = "diff \"${PODS_PODFILE_DIR_PATH}/Podfile.lock\" \"${PODS_ROOT}/Manifest.lock\" > /dev/null\nif [ $? != 0 ] ; then\n    # print error to STDERR\n    echo \"error: The sandbox is not in sync with the Podfile.lock. Run 'pod install' or update your CocoaPods installation.\" >&2\n    exit 1\nfi\n# This output is used by Xcode 'outputs' to avoid re-running this script phase.\necho \"SUCCESS\" > \"${SCRIPT_OUTPUT_FILE_0}\"\n";
			showEnvVarsInLog = 0;
		};
		B97C55512E090A813AD18575 /* [CP] Check Pods Manifest.lock */ = {
			isa = PBXShellScriptBuildPhase;
			buildActionMask = 2147483647;
			files = (
			);
			inputPaths = (
				"${PODS_PODFILE_DIR_PATH}/Podfile.lock",
				"${PODS_ROOT}/Manifest.lock",
			);
			name = "[CP] Check Pods Manifest.lock";
			outputPaths = (
				"$(DERIVED_FILE_DIR)/Pods-TSCustomUIKitUITests-checkManifestLockResult.txt",
			);
			runOnlyForDeploymentPostprocessing = 0;
			shellPath = /bin/sh;
			shellScript = "diff \"${PODS_PODFILE_DIR_PATH}/Podfile.lock\" \"${PODS_ROOT}/Manifest.lock\" > /dev/null\nif [ $? != 0 ] ; then\n    # print error to STDERR\n    echo \"error: The sandbox is not in sync with the Podfile.lock. Run 'pod install' or update your CocoaPods installation.\" >&2\n    exit 1\nfi\n# This output is used by Xcode 'outputs' to avoid re-running this script phase.\necho \"SUCCESS\" > \"${SCRIPT_OUTPUT_FILE_0}\"\n";
			showEnvVarsInLog = 0;
		};
/* End PBXShellScriptBuildPhase section */

/* Begin PBXSourcesBuildPhase section */
		F55F10FB20FB24A40003588E /* Sources */ = {
			isa = PBXSourcesBuildPhase;
			buildActionMask = 2147483647;
			files = (
				F55F115920FB24DB0003588E /* TSPageControllerHelper.swift in Sources */,
				B2F011AB2152961C003BF79C /* TSTestEmptyView.swift in Sources */,
				B25E449E21461839002D2F45 /* UIButton+TSUIKit.swift in Sources */,
				B241CB4821087BFA00AB6F03 /* TSToastDisplayControl.swift in Sources */,
				B25E44B02148EE1B002D2F45 /* TSTextFieldView.swift in Sources */,
				F55F115620FB24DB0003588E /* TSTableViewQuickCreateCellExtension.swift in Sources */,
				F55F115120FB24DB0003588E /* TSTUIColorWithHexString.swift in Sources */,
				F55F115220FB24DB0003588E /* TSTabbarViewExtension.swift in Sources */,
				F55F110520FB24A40003588E /* ViewController.swift in Sources */,
				D42ABC9820FEF03800EFD97B /* TSUIKit.swift in Sources */,
				B2F011A7215280BB003BF79C /* UIView+TSEmpty.swift in Sources */,
				F55F114920FB24DB0003588E /* TSRPhotoBrowserCollectionViewCell.swift in Sources */,
				B25E44B22148EEEA002D2F45 /* TSBaseTextField.swift in Sources */,
				F55F114C20FB24DB0003588E /* TSTabBar.swift in Sources */,
				D43A976521257B460066029F /* TSTextField.swift in Sources */,
				B25E44AE2148E803002D2F45 /* TSRegularExpression.swift in Sources */,
				F55F114B20FB24DB0003588E /* TSRPhotoBrowserView.swift in Sources */,
				F55F115820FB24DB0003588E /* TSSegmentedControl.swift in Sources */,
				F557295B20FE032100C30437 /* TSKeyBoardToolBar.swift in Sources */,
				F55F115020FB24DB0003588E /* TSTabBarConfig.swift in Sources */,
				F55F115520FB24DB0003588E /* TSTableView.swift in Sources */,
				F55F115320FB24DB0003588E /* TSTabbarWithCAAnimation.swift in Sources */,
				F55F114F20FB24DB0003588E /* TSBadgeValue.swift in Sources */,
				F558F3492122B28E0080BCA2 /* UIImageView+TSUIKit.swift in Sources */,
				F55F114D20FB24DB0003588E /* TSTabbarButton.swift in Sources */,
				D423478C214E375F00F4AE6D /* UITextView+Extension.swift in Sources */,
				F55F110320FB24A40003588E /* AppDelegate.swift in Sources */,
				D42ABC9A20FEF03800EFD97B /* UILabel+Extension.swift in Sources */,
				D49432F22111DC410087F0C2 /* UITextField+Extension.swift in Sources */,
				F55F115720FB24DB0003588E /* UIImage+TSUIKit.swift in Sources */,
				B2F011B32153823E003BF79C /* TSNoNetWorkNormalView.swift in Sources */,
				D42ABC9920FEF03800EFD97B /* UIView+Extension.swift in Sources */,
				B2F011B12153775F003BF79C /* TSEmptyNormalView.swift in Sources */,
				F55F114E20FB24DB0003588E /* TSTabbarViewController.swift in Sources */,
				B29E8683215DD7AE0099EC4C /* TSCustomRefreshNormalView.swift in Sources */,
			);
			runOnlyForDeploymentPostprocessing = 0;
		};
		F55F110F20FB24A50003588E /* Sources */ = {
			isa = PBXSourcesBuildPhase;
			buildActionMask = 2147483647;
			files = (
				F55F111820FB24A50003588E /* TSCustomUIKitTests.swift in Sources */,
			);
			runOnlyForDeploymentPostprocessing = 0;
		};
		F55F111A20FB24A50003588E /* Sources */ = {
			isa = PBXSourcesBuildPhase;
			buildActionMask = 2147483647;
			files = (
				F55F112320FB24A50003588E /* TSCustomUIKitUITests.swift in Sources */,
			);
			runOnlyForDeploymentPostprocessing = 0;
		};
/* End PBXSourcesBuildPhase section */

/* Begin PBXTargetDependency section */
		F55F111520FB24A50003588E /* PBXTargetDependency */ = {
			isa = PBXTargetDependency;
			target = F55F10FE20FB24A40003588E /* TSCustomUIKit */;
			targetProxy = F55F111420FB24A50003588E /* PBXContainerItemProxy */;
		};
		F55F112020FB24A50003588E /* PBXTargetDependency */ = {
			isa = PBXTargetDependency;
			target = F55F10FE20FB24A40003588E /* TSCustomUIKit */;
			targetProxy = F55F111F20FB24A50003588E /* PBXContainerItemProxy */;
		};
/* End PBXTargetDependency section */

/* Begin PBXVariantGroup section */
		F55F110620FB24A40003588E /* Main.storyboard */ = {
			isa = PBXVariantGroup;
			children = (
				F55F110720FB24A40003588E /* Base */,
			);
			name = Main.storyboard;
			sourceTree = "<group>";
		};
		F55F110B20FB24A50003588E /* LaunchScreen.storyboard */ = {
			isa = PBXVariantGroup;
			children = (
				F55F110C20FB24A50003588E /* Base */,
			);
			name = LaunchScreen.storyboard;
			sourceTree = "<group>";
		};
/* End PBXVariantGroup section */

/* Begin XCBuildConfiguration section */
		F55F112520FB24A50003588E /* Debug */ = {
			isa = XCBuildConfiguration;
			buildSettings = {
				ALWAYS_SEARCH_USER_PATHS = NO;
				CLANG_ANALYZER_NONNULL = YES;
				CLANG_ANALYZER_NUMBER_OBJECT_CONVERSION = YES_AGGRESSIVE;
				CLANG_CXX_LANGUAGE_STANDARD = "gnu++14";
				CLANG_CXX_LIBRARY = "libc++";
				CLANG_ENABLE_MODULES = YES;
				CLANG_ENABLE_OBJC_ARC = YES;
				CLANG_ENABLE_OBJC_WEAK = YES;
				CLANG_WARN_BLOCK_CAPTURE_AUTORELEASING = YES;
				CLANG_WARN_BOOL_CONVERSION = YES;
				CLANG_WARN_COMMA = YES;
				CLANG_WARN_CONSTANT_CONVERSION = YES;
				CLANG_WARN_DEPRECATED_OBJC_IMPLEMENTATIONS = YES;
				CLANG_WARN_DIRECT_OBJC_ISA_USAGE = YES_ERROR;
				CLANG_WARN_DOCUMENTATION_COMMENTS = YES;
				CLANG_WARN_EMPTY_BODY = YES;
				CLANG_WARN_ENUM_CONVERSION = YES;
				CLANG_WARN_INFINITE_RECURSION = YES;
				CLANG_WARN_INT_CONVERSION = YES;
				CLANG_WARN_NON_LITERAL_NULL_CONVERSION = YES;
				CLANG_WARN_OBJC_IMPLICIT_RETAIN_SELF = YES;
				CLANG_WARN_OBJC_LITERAL_CONVERSION = YES;
				CLANG_WARN_OBJC_ROOT_CLASS = YES_ERROR;
				CLANG_WARN_RANGE_LOOP_ANALYSIS = YES;
				CLANG_WARN_STRICT_PROTOTYPES = YES;
				CLANG_WARN_SUSPICIOUS_MOVE = YES;
				CLANG_WARN_UNGUARDED_AVAILABILITY = YES_AGGRESSIVE;
				CLANG_WARN_UNREACHABLE_CODE = YES;
				CLANG_WARN__DUPLICATE_METHOD_MATCH = YES;
				CODE_SIGN_IDENTITY = "iPhone Developer";
				COPY_PHASE_STRIP = NO;
				DEBUG_INFORMATION_FORMAT = dwarf;
				ENABLE_STRICT_OBJC_MSGSEND = YES;
				ENABLE_TESTABILITY = YES;
				GCC_C_LANGUAGE_STANDARD = gnu11;
				GCC_DYNAMIC_NO_PIC = NO;
				GCC_NO_COMMON_BLOCKS = YES;
				GCC_OPTIMIZATION_LEVEL = 0;
				GCC_PREPROCESSOR_DEFINITIONS = (
					"DEBUG=1",
					"$(inherited)",
				);
				GCC_WARN_64_TO_32_BIT_CONVERSION = YES;
				GCC_WARN_ABOUT_RETURN_TYPE = YES_ERROR;
				GCC_WARN_UNDECLARED_SELECTOR = YES;
				GCC_WARN_UNINITIALIZED_AUTOS = YES_AGGRESSIVE;
				GCC_WARN_UNUSED_FUNCTION = YES;
				GCC_WARN_UNUSED_VARIABLE = YES;
				IPHONEOS_DEPLOYMENT_TARGET = 11.3;
				MTL_ENABLE_DEBUG_INFO = YES;
				ONLY_ACTIVE_ARCH = YES;
				SDKROOT = iphoneos;
				SWIFT_ACTIVE_COMPILATION_CONDITIONS = DEBUG;
				SWIFT_OPTIMIZATION_LEVEL = "-Onone";
			};
			name = Debug;
		};
		F55F112620FB24A50003588E /* Release */ = {
			isa = XCBuildConfiguration;
			buildSettings = {
				ALWAYS_SEARCH_USER_PATHS = NO;
				CLANG_ANALYZER_NONNULL = YES;
				CLANG_ANALYZER_NUMBER_OBJECT_CONVERSION = YES_AGGRESSIVE;
				CLANG_CXX_LANGUAGE_STANDARD = "gnu++14";
				CLANG_CXX_LIBRARY = "libc++";
				CLANG_ENABLE_MODULES = YES;
				CLANG_ENABLE_OBJC_ARC = YES;
				CLANG_ENABLE_OBJC_WEAK = YES;
				CLANG_WARN_BLOCK_CAPTURE_AUTORELEASING = YES;
				CLANG_WARN_BOOL_CONVERSION = YES;
				CLANG_WARN_COMMA = YES;
				CLANG_WARN_CONSTANT_CONVERSION = YES;
				CLANG_WARN_DEPRECATED_OBJC_IMPLEMENTATIONS = YES;
				CLANG_WARN_DIRECT_OBJC_ISA_USAGE = YES_ERROR;
				CLANG_WARN_DOCUMENTATION_COMMENTS = YES;
				CLANG_WARN_EMPTY_BODY = YES;
				CLANG_WARN_ENUM_CONVERSION = YES;
				CLANG_WARN_INFINITE_RECURSION = YES;
				CLANG_WARN_INT_CONVERSION = YES;
				CLANG_WARN_NON_LITERAL_NULL_CONVERSION = YES;
				CLANG_WARN_OBJC_IMPLICIT_RETAIN_SELF = YES;
				CLANG_WARN_OBJC_LITERAL_CONVERSION = YES;
				CLANG_WARN_OBJC_ROOT_CLASS = YES_ERROR;
				CLANG_WARN_RANGE_LOOP_ANALYSIS = YES;
				CLANG_WARN_STRICT_PROTOTYPES = YES;
				CLANG_WARN_SUSPICIOUS_MOVE = YES;
				CLANG_WARN_UNGUARDED_AVAILABILITY = YES_AGGRESSIVE;
				CLANG_WARN_UNREACHABLE_CODE = YES;
				CLANG_WARN__DUPLICATE_METHOD_MATCH = YES;
				CODE_SIGN_IDENTITY = "iPhone Developer";
				COPY_PHASE_STRIP = NO;
				DEBUG_INFORMATION_FORMAT = "dwarf-with-dsym";
				ENABLE_NS_ASSERTIONS = NO;
				ENABLE_STRICT_OBJC_MSGSEND = YES;
				GCC_C_LANGUAGE_STANDARD = gnu11;
				GCC_NO_COMMON_BLOCKS = YES;
				GCC_WARN_64_TO_32_BIT_CONVERSION = YES;
				GCC_WARN_ABOUT_RETURN_TYPE = YES_ERROR;
				GCC_WARN_UNDECLARED_SELECTOR = YES;
				GCC_WARN_UNINITIALIZED_AUTOS = YES_AGGRESSIVE;
				GCC_WARN_UNUSED_FUNCTION = YES;
				GCC_WARN_UNUSED_VARIABLE = YES;
				IPHONEOS_DEPLOYMENT_TARGET = 11.3;
				MTL_ENABLE_DEBUG_INFO = NO;
				SDKROOT = iphoneos;
				SWIFT_COMPILATION_MODE = wholemodule;
				SWIFT_OPTIMIZATION_LEVEL = "-O";
				VALIDATE_PRODUCT = YES;
			};
			name = Release;
		};
		F55F112820FB24A50003588E /* Debug */ = {
			isa = XCBuildConfiguration;
			baseConfigurationReference = 7288CA528647E9AE7C84AAF9 /* Pods-TSCustomUIKit.debug.xcconfig */;
			buildSettings = {
				ASSETCATALOG_COMPILER_APPICON_NAME = AppIcon;
				CLANG_ENABLE_MODULES = YES;
				CODE_SIGN_IDENTITY = "iPhone Developer";
				CODE_SIGN_STYLE = Automatic;
				DEVELOPMENT_TEAM = 5SY74Q2CEY;
				INFOPLIST_FILE = TSCustomUIKit/Info.plist;
				IPHONEOS_DEPLOYMENT_TARGET = 9.0;
				LD_RUNPATH_SEARCH_PATHS = (
					"$(inherited)",
					"@executable_path/Frameworks",
				);
				PRODUCT_BUNDLE_IDENTIFIER = caiqr.TSCustomUIKit;
				PRODUCT_NAME = "$(TARGET_NAME)";
				PROVISIONING_PROFILE_SPECIFIER = "";
				SWIFT_OBJC_BRIDGING_HEADER = "TSCustomUIKit/TSCustomUIKit-Bridging-Header.h";
				SWIFT_OPTIMIZATION_LEVEL = "-Onone";
				SWIFT_VERSION = 4.0;
				TARGETED_DEVICE_FAMILY = "1,2";
			};
			name = Debug;
		};
		F55F112920FB24A50003588E /* Release */ = {
			isa = XCBuildConfiguration;
			baseConfigurationReference = 34D2AF2995A1433C4AED941B /* Pods-TSCustomUIKit.release.xcconfig */;
			buildSettings = {
				ASSETCATALOG_COMPILER_APPICON_NAME = AppIcon;
				CLANG_ENABLE_MODULES = YES;
				CODE_SIGN_IDENTITY = "iPhone Developer";
				CODE_SIGN_STYLE = Automatic;
				DEVELOPMENT_TEAM = 5SY74Q2CEY;
				INFOPLIST_FILE = TSCustomUIKit/Info.plist;
				IPHONEOS_DEPLOYMENT_TARGET = 9.0;
				LD_RUNPATH_SEARCH_PATHS = (
					"$(inherited)",
					"@executable_path/Frameworks",
				);
				PRODUCT_BUNDLE_IDENTIFIER = caiqr.TSCustomUIKit;
				PRODUCT_NAME = "$(TARGET_NAME)";
				PROVISIONING_PROFILE_SPECIFIER = "";
				SWIFT_OBJC_BRIDGING_HEADER = "TSCustomUIKit/TSCustomUIKit-Bridging-Header.h";
				SWIFT_VERSION = 4.0;
				TARGETED_DEVICE_FAMILY = "1,2";
			};
			name = Release;
		};
		F55F112B20FB24A50003588E /* Debug */ = {
			isa = XCBuildConfiguration;
			baseConfigurationReference = 2D980740AB7CF2C62E5922F4 /* Pods-TSCustomUIKitTests.debug.xcconfig */;
			buildSettings = {
				ALWAYS_EMBED_SWIFT_STANDARD_LIBRARIES = YES;
				BUNDLE_LOADER = "$(TEST_HOST)";
				CODE_SIGN_STYLE = Automatic;
				DEVELOPMENT_TEAM = C74VQ3FE9N;
				INFOPLIST_FILE = TSCustomUIKitTests/Info.plist;
				LD_RUNPATH_SEARCH_PATHS = (
					"$(inherited)",
					"@executable_path/Frameworks",
					"@loader_path/Frameworks",
				);
				PRODUCT_BUNDLE_IDENTIFIER = caiqr.TSCustomUIKitTests;
				PRODUCT_NAME = "$(TARGET_NAME)";
				SWIFT_VERSION = 4.0;
				TARGETED_DEVICE_FAMILY = "1,2";
				TEST_HOST = "$(BUILT_PRODUCTS_DIR)/TSCustomUIKit.app/TSCustomUIKit";
			};
			name = Debug;
		};
		F55F112C20FB24A50003588E /* Release */ = {
			isa = XCBuildConfiguration;
			baseConfigurationReference = 90B3F4B6BE2F4EAD3A126299 /* Pods-TSCustomUIKitTests.release.xcconfig */;
			buildSettings = {
				ALWAYS_EMBED_SWIFT_STANDARD_LIBRARIES = YES;
				BUNDLE_LOADER = "$(TEST_HOST)";
				CODE_SIGN_STYLE = Automatic;
				DEVELOPMENT_TEAM = C74VQ3FE9N;
				INFOPLIST_FILE = TSCustomUIKitTests/Info.plist;
				LD_RUNPATH_SEARCH_PATHS = (
					"$(inherited)",
					"@executable_path/Frameworks",
					"@loader_path/Frameworks",
				);
				PRODUCT_BUNDLE_IDENTIFIER = caiqr.TSCustomUIKitTests;
				PRODUCT_NAME = "$(TARGET_NAME)";
				SWIFT_VERSION = 4.0;
				TARGETED_DEVICE_FAMILY = "1,2";
				TEST_HOST = "$(BUILT_PRODUCTS_DIR)/TSCustomUIKit.app/TSCustomUIKit";
			};
			name = Release;
		};
		F55F112E20FB24A50003588E /* Debug */ = {
			isa = XCBuildConfiguration;
			baseConfigurationReference = 828BC8CBD92F4E231523BC17 /* Pods-TSCustomUIKitUITests.debug.xcconfig */;
			buildSettings = {
				ALWAYS_EMBED_SWIFT_STANDARD_LIBRARIES = YES;
				CODE_SIGN_STYLE = Automatic;
				DEVELOPMENT_TEAM = C74VQ3FE9N;
				INFOPLIST_FILE = TSCustomUIKitUITests/Info.plist;
				LD_RUNPATH_SEARCH_PATHS = (
					"$(inherited)",
					"@executable_path/Frameworks",
					"@loader_path/Frameworks",
				);
				PRODUCT_BUNDLE_IDENTIFIER = caiqr.TSCustomUIKitUITests;
				PRODUCT_NAME = "$(TARGET_NAME)";
				SWIFT_VERSION = 4.0;
				TARGETED_DEVICE_FAMILY = "1,2";
				TEST_TARGET_NAME = TSCustomUIKit;
			};
			name = Debug;
		};
		F55F112F20FB24A50003588E /* Release */ = {
			isa = XCBuildConfiguration;
			baseConfigurationReference = 965204FE4AB42959D7495E23 /* Pods-TSCustomUIKitUITests.release.xcconfig */;
			buildSettings = {
				ALWAYS_EMBED_SWIFT_STANDARD_LIBRARIES = YES;
				CODE_SIGN_STYLE = Automatic;
				DEVELOPMENT_TEAM = C74VQ3FE9N;
				INFOPLIST_FILE = TSCustomUIKitUITests/Info.plist;
				LD_RUNPATH_SEARCH_PATHS = (
					"$(inherited)",
					"@executable_path/Frameworks",
					"@loader_path/Frameworks",
				);
				PRODUCT_BUNDLE_IDENTIFIER = caiqr.TSCustomUIKitUITests;
				PRODUCT_NAME = "$(TARGET_NAME)";
				SWIFT_VERSION = 4.0;
				TARGETED_DEVICE_FAMILY = "1,2";
				TEST_TARGET_NAME = TSCustomUIKit;
			};
			name = Release;
		};
/* End XCBuildConfiguration section */

/* Begin XCConfigurationList section */
		F55F10FA20FB24A40003588E /* Build configuration list for PBXProject "TSCustomUIKit" */ = {
			isa = XCConfigurationList;
			buildConfigurations = (
				F55F112520FB24A50003588E /* Debug */,
				F55F112620FB24A50003588E /* Release */,
			);
			defaultConfigurationIsVisible = 0;
			defaultConfigurationName = Release;
		};
		F55F112720FB24A50003588E /* Build configuration list for PBXNativeTarget "TSCustomUIKit" */ = {
			isa = XCConfigurationList;
			buildConfigurations = (
				F55F112820FB24A50003588E /* Debug */,
				F55F112920FB24A50003588E /* Release */,
			);
			defaultConfigurationIsVisible = 0;
			defaultConfigurationName = Release;
		};
		F55F112A20FB24A50003588E /* Build configuration list for PBXNativeTarget "TSCustomUIKitTests" */ = {
			isa = XCConfigurationList;
			buildConfigurations = (
				F55F112B20FB24A50003588E /* Debug */,
				F55F112C20FB24A50003588E /* Release */,
			);
			defaultConfigurationIsVisible = 0;
			defaultConfigurationName = Release;
		};
		F55F112D20FB24A50003588E /* Build configuration list for PBXNativeTarget "TSCustomUIKitUITests" */ = {
			isa = XCConfigurationList;
			buildConfigurations = (
				F55F112E20FB24A50003588E /* Debug */,
				F55F112F20FB24A50003588E /* Release */,
			);
			defaultConfigurationIsVisible = 0;
			defaultConfigurationName = Release;
		};
/* End XCConfigurationList section */
	};
	rootObject = F55F10F720FB24A40003588E /* Project object */;
}
